
Microsoft Visual Studio Solution File, Format Version 12.00
# Visual Studio Version 16
VisualStudioVersion = 16.0.32630.194
MinimumVisualStudioVersion = 10.0.40219.1
Project("{FAE04EC0-301F-11D3-BF4B-00C04F79EFBC}") = "PTH_COMBINE_OBX", "PTH_COMBINE_OBX.csproj", "{312B4716-02D1-4DE3-9D54-40C5B8E10617}"
EndProject
Global
	GlobalSection(SolutionConfigurationPlatforms) = preSolution
		Debug|Any CPU = Debug|Any CPU
		Release|Any CPU = Release|Any CPU
	EndGlobalSection
	GlobalSection(ProjectConfigurationPlatforms) = postSolution
		{312B4716-02D1-4DE3-9D54-40C5B8E10617}.Debug|Any CPU.ActiveCfg = Debug|Any CPU
		{312B4716-02D1-4DE3-9D54-40C5B8E10617}.Debug|Any CPU.Build.0 = Debug|Any CPU
		{312B4716-02D1-4DE3-9D54-40C5B8E10617}.Release|Any CPU.ActiveCfg = Release|Any CPU
		{312B4716-02D1-4DE3-9D54-40C5B8E10617}.Release|Any CPU.Build.0 = Release|Any CPU
	EndGlobalSection
	GlobalSection(SolutionProperties) = preSolution
		HideSolutionNode = FALSE
	EndGlobalSection
	GlobalSection(ExtensibilityGlobals) = postSolution
		SolutionGuid = {7C87E352-1405-472C-831F-3371E0B4BABC}
	EndGlobalSection
EndGlobal
